
Microsoft Visual Studio Solution File, Format Version 12.00
# Visual Studio Version 18
VisualStudioVersion = 18.5.11716.220
MinimumVisualStudioVersion = 10.0.40219.1
Project("{FAE04EC0-301F-11D3-BF4B-00C04F79EFBC}") = "JoinGameAfk", "JoinGameAfk\JoinGameAfk.csproj", "{F0993B70-A239-45CF-99D4-A01667D6B4FB}"
EndProject
Project("{FAE04EC0-301F-11D3-BF4B-00C04F79EFBC}") = "JoinGameAfk.Common", "JoinGameAfk.Common\JoinGameAfk.Common.csproj", "{CCCC07E3-4ED8-4D3A-8E66-854B354024C0}"
EndProject
Project("{FAE04EC0-301F-11D3-BF4B-00C04F79EFBC}") = "JoinGameAfk.Plugin", "JoinGameAfk.Plugin\JoinGameAfk.Plugin.csproj", "{6DE11205-6487-47B0-8FD2-E5DB3A962433}"
EndProject
Global
	GlobalSection(SolutionConfigurationPlatforms) = preSolution
		Debug|Any CPU = Debug|Any CPU
		Release|Any CPU = Release|Any CPU
	EndGlobalSection
	GlobalSection(ProjectConfigurationPlatforms) = postSolution
		{F0993B70-A239-45CF-99D4-A01667D6B4FB}.Debug|Any CPU.ActiveCfg = Debug|Any CPU
		{F0993B70-A239-45CF-99D4-A01667D6B4FB}.Debug|Any CPU.Build.0 = Debug|Any CPU
		{F0993B70-A239-45CF-99D4-A01667D6B4FB}.Release|Any CPU.ActiveCfg = Release|Any CPU
		{F0993B70-A239-45CF-99D4-A01667D6B4FB}.Release|Any CPU.Build.0 = Release|Any CPU
		{CCCC07E3-4ED8-4D3A-8E66-854B354024C0}.Debug|Any CPU.ActiveCfg = Debug|Any CPU
		{CCCC07E3-4ED8-4D3A-8E66-854B354024C0}.Debug|Any CPU.Build.0 = Debug|Any CPU
		{CCCC07E3-4ED8-4D3A-8E66-854B354024C0}.Release|Any CPU.ActiveCfg = Release|Any CPU
		{CCCC07E3-4ED8-4D3A-8E66-854B354024C0}.Release|Any CPU.Build.0 = Release|Any CPU
		{6DE11205-6487-47B0-8FD2-E5DB3A962433}.Debug|Any CPU.ActiveCfg = Debug|Any CPU
		{6DE11205-6487-47B0-8FD2-E5DB3A962433}.Debug|Any CPU.Build.0 = Debug|Any CPU
		{6DE11205-6487-47B0-8FD2-E5DB3A962433}.Release|Any CPU.ActiveCfg = Release|Any CPU
		{6DE11205-6487-47B0-8FD2-E5DB3A962433}.Release|Any CPU.Build.0 = Release|Any CPU
	EndGlobalSection
	GlobalSection(SolutionProperties) = preSolution
		HideSolutionNode = FALSE
	EndGlobalSection
	GlobalSection(ExtensibilityGlobals) = postSolution
		SolutionGuid = {32187A6F-A838-4679-BCD2-D02485ED1B51}
	EndGlobalSection
EndGlobal
